
Microsoft Visual Studio Solution File, Format Version 12.00
# Visual Studio Version 17
VisualStudioVersion = 17.0.31903.59
MinimumVisualStudioVersion = 10.0.40219.1
Project("{FAE04EC0-301F-11D3-BF4B-00C04F79EFBC}") = "GEnZ", "GEnZ\GEnZ.csproj", "{957859F6-49FD-48CF-8130-5A46D27119C6}"
EndProject
Global
	GlobalSection(SolutionConfigurationPlatforms) = preSolution
		Debug|Any CPU = Debug|Any CPU
		Release|Any CPU = Release|Any CPU
	EndGlobalSection
	GlobalSection(ProjectConfigurationPlatforms) = postSolution
		{957859F6-49FD-48CF-8130-5A46D27119C6}.Debug|Any CPU.ActiveCfg = Debug|Any CPU
		{957859F6-49FD-48CF-8130-5A46D27119C6}.Debug|Any CPU.Build.0 = Debug|Any CPU
		{957859F6-49FD-48CF-8130-5A46D27119C6}.Release|Any CPU.ActiveCfg = Release|Any CPU
		{957859F6-49FD-48CF-8130-5A46D27119C6}.Release|Any CPU.Build.0 = Release|Any CPU
	EndGlobalSection
	GlobalSection(SolutionProperties) = preSolution
		HideSolutionNode = FALSE
	EndGlobalSection
	GlobalSection(ExtensibilityGlobals) = postSolution
		SolutionGuid = {A1993B95-1748-4F10-BCEC-F3D7CFCCA2FA}
	EndGlobalSection
EndGlobal
